
Microsoft Visual Studio Solution File, Format Version 12.00
# Visual Studio 15
VisualStudioVersion = 15.0.28307.136
MinimumVisualStudioVersion = 10.0.40219.1
Project("{FAE04EC0-301F-11D3-BF4B-00C04F79EFBC}") = "ProductService", "ProductService\ProductService.csproj", "{C0ED95EF-FAAD-4E06-9570-668A3E8E2B63}"
EndProject
Project("{FAE04EC0-301F-11D3-BF4B-00C04F79EFBC}") = "ProductServiceTests", "ProductServiceTests\ProductServiceTests.csproj", "{C8913488-EFB9-4F44-AB5F-01A58ED97E52}"
EndProject
Global
	GlobalSection(SolutionConfigurationPlatforms) = preSolution
		Debug|Any CPU = Debug|Any CPU
		Release|Any CPU = Release|Any CPU
	EndGlobalSection
	GlobalSection(ProjectConfigurationPlatforms) = postSolution
		{C0ED95EF-FAAD-4E06-9570-668A3E8E2B63}.Debug|Any CPU.ActiveCfg = Debug|Any CPU
		{C0ED95EF-FAAD-4E06-9570-668A3E8E2B63}.Debug|Any CPU.Build.0 = Debug|Any CPU
		{C0ED95EF-FAAD-4E06-9570-668A3E8E2B63}.Release|Any CPU.ActiveCfg = Release|Any CPU
		{C0ED95EF-FAAD-4E06-9570-668A3E8E2B63}.Release|Any CPU.Build.0 = Release|Any CPU
		{C8913488-EFB9-4F44-AB5F-01A58ED97E52}.Debug|Any CPU.ActiveCfg = Debug|Any CPU
		{C8913488-EFB9-4F44-AB5F-01A58ED97E52}.Debug|Any CPU.Build.0 = Debug|Any CPU
		{C8913488-EFB9-4F44-AB5F-01A58ED97E52}.Release|Any CPU.ActiveCfg = Release|Any CPU
		{C8913488-EFB9-4F44-AB5F-01A58ED97E52}.Release|Any CPU.Build.0 = Release|Any CPU
	EndGlobalSection
	GlobalSection(SolutionProperties) = preSolution
		HideSolutionNode = FALSE
	EndGlobalSection
	GlobalSection(ExtensibilityGlobals) = postSolution
		SolutionGuid = {C547D0EC-F738-44CE-9601-BC428EAD4F4E}
	EndGlobalSection
EndGlobal
